{
    "_meta": {
        "hash": {
            "sha256": "abc240478e1006e586e37ccaaaea7ea3e0710f90218c1b3a889721c69480d547"
        },
        "pipfile-spec": 6,
        "requires": {
            "python_version": "3.13"
        },
        "sources": [
            {
                "name": "pypi",
                "url": "https://pypi.org/simple",
                "verify_ssl": true
            }
        ]
    },
    "default": {
        "amqp": {
            "hashes": [
                "sha256:43b3319e1b4e7d1251833a93d672b4af1e40f3d632d479b98661a95f117880a2",
                "sha256:cddc00c725449522023bad949f70fff7b48f0b1ade74d170a6f10ab044739432"
            ],
            "markers": "python_version >= '3.6'",
            "version": "==5.3.1"
        },
        "asgiref": {
            "hashes": [
                "sha256:59dcb51c272ad209d59bed5708a64a333083e86017d7fcdd67498eeab7784340",
                "sha256:fe386d1c2bff7259ea95929266d12a8cf9a8b5a1c2598402967d8792e7a7c094"
            ],
            "markers": "python_version >= '3.10'",
            "version": "==3.12.1"
        },
        "billiard": {
            "hashes": [
                "sha256:525b42bdec68d2b983347ac312f892db930858495db601b5836ac24e6477cde5",
                "sha256:55f542c371209e03cd5862299b74e52e4fbcba8250ba611ad94276b369b6a85f"
            ],
            "markers": "python_version >= '3.7'",
            "version": "==4.2.4"
        },
        "celery": {
            "hashes": [
                "sha256:0808f42f80909c4d5833202360ffafb2a4f83f4d8e23e1285d926610e9a7afa6",
                "sha256:177006bd2054b882e9f01be59abd8529e88879ef50d7918a7050c5a9f4e12912"
            ],
            "index": "pypi",
            "markers": "python_version >= '3.9'",
            "version": "==5.6.3"
        },
        "click": {
            "hashes": [
                "sha256:9a6cea6e60b17ebe0a44c5cc636d94f09bd66142c1cd7d8b4cd731c4917a15f6",
                "sha256:e6f9f66136c816745b9d65817da91d61d957fb16e02e4dcd0552553c5a197b76"
            ],
            "markers": "python_version >= '3.10'",
            "version": "==8.4.2"
        },
        "click-didyoumean": {
            "hashes": [
                "sha256:4f82fdff0dbe64ef8ab2279bd6aa3f6a99c3b28c05aa09cbfc07c9d7fbb5a463",
                "sha256:5c4bb6007cfea5f2fd6583a2fb6701a22a41eb98957e63d0fac41c10e7c3117c"
            ],
            "markers": "python_full_version >= '3.6.2'",
            "version": "==0.3.1"
        },
        "click-plugins": {
            "hashes": [
                "sha256:008d65743833ffc1f5417bf0e78e8d2c23aab04d9745ba817bd3e71b0feb6aa6",
                "sha256:d7af3984a99d243c131aa1a828331e7630f4a88a9741fd05c927b204bcf92261"
            ],
            "version": "==1.1.1.2"
        },
        "click-repl": {
            "hashes": [
                "sha256:17849c23dba3d667247dc4defe1757fff98694e90fe37474f3feebb69ced26a9",
                "sha256:fb7e06deb8da8de86180a33a9da97ac316751c094c6899382da7feeeeb51b812"
            ],
            "markers": "python_version >= '3.6'",
            "version": "==0.3.0"
        },
        "colorama": {
            "hashes": [
                "sha256:08695f5cb7ed6e0531a20572697297273c47b8cae5a63ffc6d6ed5c201be6e44",
                "sha256:4f1d9991f5acc0ca119f9d443620b77f9d6b33703e51011c16baf57afb285fc6"
            ],
            "markers": "python_version >= '2.7' and python_version not in '3.0, 3.1, 3.2, 3.3, 3.4, 3.5, 3.6'",
            "version": "==0.4.6"
        },
        "cron-descriptor": {
            "hashes": [
                "sha256:736b3ae9d1a99bc3dbfc5b55b5e6e7c12031e7ba5de716625772f8b02dcd6013",
                "sha256:f51ce4ffc1d1f2816939add8524f206c376a42c87a5fca3091ce26725b3b1bca"
            ],
            "version": "==1.4.5"
        },
        "django": {
            "hashes": [
                "sha256:9b98b7e1902e0e575ea4f42c175fc9512784f7f2580898286aee3388b322219d",
                "sha256:cb0bd962d27fc866f3c514b20aae6a7df56ec80b488f9899da46d675cd051526"
            ],
            "markers": "python_version >= '3.12'",
            "version": "==6.0.8"
        },
        "django-celery-beat": {
            "hashes": [
                "sha256:4a9e5ebe26d6f8d7215e1fc5c46e466016279dc102435a28141108649bdf2157",
                "sha256:92404650f52fcb44cf08e2b09635cb1558327c54b1a5d570f0e2d3a22130934c"
            ],
            "index": "pypi",
            "markers": "python_version >= '3.8'",
            "version": "==2.9.0"
        },
        "django-cors-headers": {
            "hashes": [
                "sha256:15c7f20727f90044dcee2216a9fd7303741a864865f0c3657e28b7056f61b449",
                "sha256:fe5d7cb59fdc2c8c646ce84b727ac2bca8912a247e6e68e1fb507372178e59e8"
            ],
            "index": "pypi",
            "markers": "python_version >= '3.9'",
            "version": "==4.9.0"
        },
        "django-environ": {
            "hashes": [
                "sha256:8dbe8a57f0a540ab8abd6f54f230de5e99e3a2c9d797cb9caecb037bca3d47d8",
                "sha256:b6c48d93b9d2ff8a3ea14099e90c35aa4f101c1b4d5f262dfee0d27b06742ed7"
            ],
            "index": "pypi",
            "markers": "python_version >= '3.9' and python_version < '4'",
            "version": "==0.14.0"
        },
        "django-filter": {
            "hashes": [
                "sha256:66ea04031b068c77c86e1ac26ced7a3f8f13ce797f5795751707e3deefc58054",
                "sha256:7d98ef2899218e6242619b532cb1b95af14e09dfcf74844aecb550ad27b59ff2"
            ],
            "index": "pypi",
            "markers": "python_version >= '3.10'",
            "version": "==26.1"
        },
        "django-timezone-field": {
            "hashes": [
                "sha256:30354d0f37462a0b9b5c289e271580a6be9b58dea30e7bf88435372882c8fa7a",
                "sha256:a004d0b19fe10bf5964cb21a65b36324b16a61879e4711c0dafdf8d6253e8ebc"
            ],
            "markers": "python_version >= '3.8' and python_version < '4.0'",
            "version": "==7.2.2"
        },
        "djangorestframework": {
            "hashes": [
                "sha256:89ed713b6dc83e1539f214b7d10808ae19bb8511004beba886225da6d5c9dafa",
                "sha256:cb0546a7415d5b46c04e0f4fe0a54b2109f4fdd5e83ca773c8c6183a6493d042"
            ],
            "index": "pypi",
            "markers": "python_version >= '3.10'",
            "version": "==3.17.2"
        },
        "djangorestframework-simplejwt": {
            "hashes": [
                "sha256:2c30f3707053d384e9f315d11c2daccfcb548d4faa453111ca19a542b732e469",
                "sha256:e72c5572f51d7803021288e2057afcbd03f17fe11d484096f40a460abc76e87f"
            ],
            "index": "pypi",
            "markers": "python_version >= '3.9'",
            "version": "==5.5.1"
        },
        "gunicorn": {
            "hashes": [
                "sha256:40233d26a5f0d1872916188c276e21641155111c2853f0c2cd55260aec0d24fc",
                "sha256:ca9346f85e3a4aeeb64d491045c16b9a35647abd37ea15efe53080eb8b090baf"
            ],
            "index": "pypi",
            "markers": "python_version >= '3.10'",
            "version": "==26.0.0"
        },
        "kombu": {
            "hashes": [
                "sha256:8060497058066c6f5aed7c26d7cd0d3b574990b09de842a8c5aaed0b92cc5a55",
                "sha256:efcfc559da324d41d61ca311b0c64965ea35b4c55cc04ee36e55386145dace93"
            ],
            "markers": "python_version >= '3.9'",
            "version": "==5.6.2"
        },
        "mysqlclient": {
            "hashes": [
                "sha256:000c7ec3d11e7c411db832e4cfcd7f05db47464326381f5d5ae991b4bb572f93",
                "sha256:260cce0e81446c83bf0a389e0fae38d68547d9f8fc0833bc733014e10ce28a99",
                "sha256:60c9ed339dc09e3d5380cc2a9f42e86754fee25a661ced77a02df77990664c92",
                "sha256:86db31bba7b3480fec2751350e9790e24f016f89af33a87bab7e79f7196474e8",
                "sha256:8ed20c5615a915da451bb308c7d0306648a4fd9a2809ba95c992690006306199",
                "sha256:9bed7c8d3b629bdc09e17fb628d5b3b0a5fd1f12b09432b464b9126c727bedc0",
                "sha256:a81f5e12f8d05439709cb02fba97f9f76d1a6c528164f2260d8798fec969e300"
            ],
            "index": "pypi",
            "markers": "python_version >= '3.10'",
            "version": "==2.2.8"
        },
        "packaging": {
            "hashes": [
                "sha256:94edc256424af38762eb31306eed28beb9f0efc50a8837492c9d6fd6004aed79",
                "sha256:d7193f7c8e4e93f444fde0262bf90af30e16fa0ad0ad44cb553c87339b23cd1c"
            ],
            "markers": "python_version >= '3.9'",
            "version": "==26.3"
        },
        "prompt-toolkit": {
            "hashes": [
                "sha256:01c0891d7f9237d5e339f7d3e42cdae80b7534abb1c7c0e3352efba6231492f2",
                "sha256:9ec8a0ad96d5c56148b3f914aa79c1564c3fde5d2e6b876e7bc327e353cf8fa6"
            ],
            "markers": "python_version >= '3.10'",
            "version": "==3.0.53"
        },
        "pyjwt": {
            "hashes": [
                "sha256:41571c89ca91598c79e8ef18a2d07367d4810fbbd6f637794879baf1b7703423",
                "sha256:66adcc2aff09b3f1bbd95fc1e1577df8ac8723c978552fd43304c8a290ac5728"
            ],
            "markers": "python_version >= '3.9'",
            "version": "==2.13.0"
        },
        "python-crontab": {
            "hashes": [
                "sha256:007c8aee68dddf3e04ec4dce0fac124b93bd68be7470fc95d2a9617a15de291b",
                "sha256:739a778b1a771379b75654e53fd4df58e5c63a9279a63b5dfe44c0fcc3ee7884"
            ],
            "version": "==3.3.0"
        },
        "python-dateutil": {
            "hashes": [
                "sha256:37dd54208da7e1cd875388217d5e00ebd4179249f90fb72437e91a35459a0ad3",
                "sha256:a8b2bc7bffae282281c8140a97d3aa9c14da0b136dfe83f850eea9a5f7470427"
            ],
            "markers": "python_version >= '2.7' and python_version not in '3.0, 3.1, 3.2'",
            "version": "==2.9.0.post0"
        },
        "redis": {
            "hashes": [
                "sha256:6e1a19beef9225c83efd689c7e6b7da2d5215b1f42cd13b7fc3714d0a09c7b25",
                "sha256:a4fe1aac3d3b3cc791d4b3d5931c5a956045dc951ee74d1c913ee3ac4d2ee9fb"
            ],
            "index": "pypi",
            "markers": "python_version >= '3.10'",
            "version": "==8.1.0"
        },
        "six": {
            "hashes": [
                "sha256:4721f391ed90541fddacab5acf947aa0d3dc7d27b2e1e8eda2be8970586c3274",
                "sha256:ff70335d468e7eb6ec65b95b99d3a2836546063f63acc5171de367e834932a81"
            ],
            "markers": "python_version >= '2.7' and python_version not in '3.0, 3.1, 3.2'",
            "version": "==1.17.0"
        },
        "sqlparse": {
            "hashes": [
                "sha256:12a08b3bf3eec877c519589833aed092e2444e68240a3577e8e26148acc7b1ba",
                "sha256:e20d4a9b0b8585fdf63b10d30066c7c94c5d7a7ec47c889a2d83a3caa93ff28e"
            ],
            "markers": "python_version >= '3.8'",
            "version": "==0.5.5"
        },
        "tzdata": {
            "hashes": [
                "sha256:4a1518b8993086a7982523e071643f3c0e5f213e75b21318e78bcabfff9d1415",
                "sha256:dc096730c87af6cab1b171c9d532be840741ff5d459015e7f6947bd7d7e54931"
            ],
            "markers": "python_version >= '2'",
            "version": "==2026.3"
        },
        "tzlocal": {
            "hashes": [
                "sha256:8dbb8660838688a7b6ba4fed31d18dedf842afb4d47ca050d6d891c2c15f3be4",
                "sha256:aae09f0126a8a86fa736be266eb4a471380d26a0de3bc14844e7821fee3e2a15"
            ],
            "markers": "python_version >= '3.10'",
            "version": "==5.4.4"
        },
        "vine": {
            "hashes": [
                "sha256:40fdf3c48b2cfe1c38a49e9ae2da6fda88e4794c810050a728bd7413811fb1dc",
                "sha256:8b62e981d35c41049211cf62a0a1242d8c1ee9bd15bb196ce38aefd6799e61e0"
            ],
            "markers": "python_version >= '3.6'",
            "version": "==5.1.0"
        },
        "wcwidth": {
            "hashes": [
                "sha256:91fbef97204b96a3d4d421609b80340b760cf33e26da123ff243d76b1fda8dda",
                "sha256:d63947694a0539a1d51e01eda7caf800c291020e6cdd7e28ad7b14dd33ad4f85"
            ],
            "markers": "python_version >= '3.8'",
            "version": "==0.8.2"
        }
    },
    "develop": {}
}
